
Microsoft Visual Studio Solution File, Format Version 12.00
# Visual Studio Version 17
VisualStudioVersion = 17.13.35806.99 d17.13
MinimumVisualStudioVersion = 10.0.40219.1
Project("{FAE04EC0-301F-11D3-BF4B-00C04F79EFBC}") = "TPMODULL9_2311104068", "TPMODULL9_2311104068\TPMODULL9_2311104068.csproj", "{607E4B82-E585-4E3C-9403-8BF64465B0BA}"
EndProject
Global
	GlobalSection(SolutionConfigurationPlatforms) = preSolution
		Debug|Any CPU = Debug|Any CPU
		Release|Any CPU = Release|Any CPU
	EndGlobalSection
	GlobalSection(ProjectConfigurationPlatforms) = postSolution
		{607E4B82-E585-4E3C-9403-8BF64465B0BA}.Debug|Any CPU.ActiveCfg = Debug|Any CPU
		{607E4B82-E585-4E3C-9403-8BF64465B0BA}.Debug|Any CPU.Build.0 = Debug|Any CPU
		{607E4B82-E585-4E3C-9403-8BF64465B0BA}.Release|Any CPU.ActiveCfg = Release|Any CPU
		{607E4B82-E585-4E3C-9403-8BF64465B0BA}.Release|Any CPU.Build.0 = Release|Any CPU
	EndGlobalSection
	GlobalSection(SolutionProperties) = preSolution
		HideSolutionNode = FALSE
	EndGlobalSection
	GlobalSection(ExtensibilityGlobals) = postSolution
		SolutionGuid = {920D8766-D1BB-4538-B181-FE8312912327}
	EndGlobalSection
EndGlobal
