
Microsoft Visual Studio Solution File, Format Version 12.00
# Visual Studio Version 17
VisualStudioVersion = 17.13.35806.99 d17.13
MinimumVisualStudioVersion = 10.0.40219.1
Project("{FAE04EC0-301F-11D3-BF4B-00C04F79EFBC}") = "JMMODUL7", "JMMODUL7\JMMODUL7.csproj", "{52E9E7A9-3FDB-4129-AA4F-E94156D00554}"
EndProject
Global
	GlobalSection(SolutionConfigurationPlatforms) = preSolution
		Debug|Any CPU = Debug|Any CPU
		Release|Any CPU = Release|Any CPU
	EndGlobalSection
	GlobalSection(ProjectConfigurationPlatforms) = postSolution
		{52E9E7A9-3FDB-4129-AA4F-E94156D00554}.Debug|Any CPU.ActiveCfg = Debug|Any CPU
		{52E9E7A9-3FDB-4129-AA4F-E94156D00554}.Debug|Any CPU.Build.0 = Debug|Any CPU
		{52E9E7A9-3FDB-4129-AA4F-E94156D00554}.Release|Any CPU.ActiveCfg = Release|Any CPU
		{52E9E7A9-3FDB-4129-AA4F-E94156D00554}.Release|Any CPU.Build.0 = Release|Any CPU
	EndGlobalSection
	GlobalSection(SolutionProperties) = preSolution
		HideSolutionNode = FALSE
	EndGlobalSection
	GlobalSection(ExtensibilityGlobals) = postSolution
		SolutionGuid = {FA7DB873-6D42-4F0A-AC92-994BCEEA2A6A}
	EndGlobalSection
EndGlobal
